
Microsoft Visual Studio Solution File, Format Version 12.00
# Visual Studio Version 16
VisualStudioVersion = 16.0.29709.97
MinimumVisualStudioVersion = 10.0.40219.1
Project("{FAE04EC0-301F-11D3-BF4B-00C04F79EFBC}") = "BankAccount2020", "BankAccount2020\BankAccount2020.csproj", "{79494C2C-CF78-460C-A694-17E6E15A751C}"
EndProject
Global
	GlobalSection(SolutionConfigurationPlatforms) = preSolution
		Debug|Any CPU = Debug|Any CPU
		Release|Any CPU = Release|Any CPU
	EndGlobalSection
	GlobalSection(ProjectConfigurationPlatforms) = postSolution
		{79494C2C-CF78-460C-A694-17E6E15A751C}.Debug|Any CPU.ActiveCfg = Debug|Any CPU
		{79494C2C-CF78-460C-A694-17E6E15A751C}.Debug|Any CPU.Build.0 = Debug|Any CPU
		{79494C2C-CF78-460C-A694-17E6E15A751C}.Release|Any CPU.ActiveCfg = Release|Any CPU
		{79494C2C-CF78-460C-A694-17E6E15A751C}.Release|Any CPU.Build.0 = Release|Any CPU
	EndGlobalSection
	GlobalSection(SolutionProperties) = preSolution
		HideSolutionNode = FALSE
	EndGlobalSection
	GlobalSection(ExtensibilityGlobals) = postSolution
		SolutionGuid = {A8F950AF-55CB-48ED-958D-E001943F497D}
	EndGlobalSection
EndGlobal
